
Microsoft Visual Studio Solution File, Format Version 12.00
# Visual Studio Version 17
VisualStudioVersion = 17.8.34511.84
MinimumVisualStudioVersion = 10.0.40219.1
Project("{9A19103F-16F7-4668-BE54-9A1E7A4F7556}") = "ContosoPizza", "ContosoPizza.csproj", "{E0CC2B50-E68C-4037-9CA8-B62EFA25D6A9}"
EndProject
Project("{FAE04EC0-301F-11D3-BF4B-00C04F79EFBC}") = "ContosoPizza.RE", "..\ContosoPizza.RE\ContosoPizza.RE.csproj", "{27AA30C3-573D-45C9-989C-49BEF1F7F18C}"
EndProject
Global
	GlobalSection(SolutionConfigurationPlatforms) = preSolution
		Debug|Any CPU = Debug|Any CPU
		Release|Any CPU = Release|Any CPU
	EndGlobalSection
	GlobalSection(ProjectConfigurationPlatforms) = postSolution
		{E0CC2B50-E68C-4037-9CA8-B62EFA25D6A9}.Debug|Any CPU.ActiveCfg = Debug|Any CPU
		{E0CC2B50-E68C-4037-9CA8-B62EFA25D6A9}.Debug|Any CPU.Build.0 = Debug|Any CPU
		{E0CC2B50-E68C-4037-9CA8-B62EFA25D6A9}.Release|Any CPU.ActiveCfg = Release|Any CPU
		{E0CC2B50-E68C-4037-9CA8-B62EFA25D6A9}.Release|Any CPU.Build.0 = Release|Any CPU
		{27AA30C3-573D-45C9-989C-49BEF1F7F18C}.Debug|Any CPU.ActiveCfg = Debug|Any CPU
		{27AA30C3-573D-45C9-989C-49BEF1F7F18C}.Debug|Any CPU.Build.0 = Debug|Any CPU
		{27AA30C3-573D-45C9-989C-49BEF1F7F18C}.Release|Any CPU.ActiveCfg = Release|Any CPU
		{27AA30C3-573D-45C9-989C-49BEF1F7F18C}.Release|Any CPU.Build.0 = Release|Any CPU
	EndGlobalSection
	GlobalSection(SolutionProperties) = preSolution
		HideSolutionNode = FALSE
	EndGlobalSection
	GlobalSection(ExtensibilityGlobals) = postSolution
		SolutionGuid = {34C4C783-0F07-4CF6-829F-B6C6548DD268}
	EndGlobalSection
EndGlobal
